// !$*UTF8*$!
{
	archiveVersion = 1;
	classes = {
	};
	objectVersion = 56;
	objects = {

/* Begin PBXBuildFile section */
		80A34D5B2B259F52004DBB99 /* InitialsView.swift in Sources */ = {isa = PBXBuildFile; fileRef = 80A34D5A2B259F52004DBB99 /* InitialsView.swift */; };
		80A34D5D2B25B0B4004DBB99 /* String extensions.swift in Sources */ = {isa = PBXBuildFile; fileRef = 80A34D5C2B25B0B4004DBB99 /* String extensions.swift */; };
		80C4C01C2B21ABB9006CE060 /* AppDelegate.swift in Sources */ = {isa = PBXBuildFile; fileRef = 80C4C01B2B21ABB9006CE060 /* AppDelegate.swift */; };
		80C4C01E2B21ABB9006CE060 /* SceneDelegate.swift in Sources */ = {isa = PBXBuildFile; fileRef = 80C4C01D2B21ABB9006CE060 /* SceneDelegate.swift */; };
		80C4C0202B21ABB9006CE060 /* ContactsVC.swift in Sources */ = {isa = PBXBuildFile; fileRef = 80C4C01F2B21ABB9006CE060 /* ContactsVC.swift */; };
		80C4C0262B21ABB9006CE060 /* HomeAssignmentDarius.xcdatamodeld in Sources */ = {isa = PBXBuildFile; fileRef = 80C4C0242B21ABB9006CE060 /* HomeAssignmentDarius.xcdatamodeld */; };
		80C4C0282B21ABBA006CE060 /* Assets.xcassets in Resources */ = {isa = PBXBuildFile; fileRef = 80C4C0272B21ABBA006CE060 /* Assets.xcassets */; };
		80C4C02B2B21ABBA006CE060 /* LaunchScreen.storyboard in Resources */ = {isa = PBXBuildFile; fileRef = 80C4C0292B21ABBA006CE060 /* LaunchScreen.storyboard */; };
		80C4C05B2B21E62A006CE060 /* NetworkManager.swift in Sources */ = {isa = PBXBuildFile; fileRef = 80C4C05A2B21E62A006CE060 /* NetworkManager.swift */; };
		80C4C05E2B21E78D006CE060 /* PagoNetworking.swift in Sources */ = {isa = PBXBuildFile; fileRef = 80C4C05D2B21E78D006CE060 /* PagoNetworking.swift */; };
		80C4C0602B21E94D006CE060 /* ContactData.swift in Sources */ = {isa = PBXBuildFile; fileRef = 80C4C05F2B21E94D006CE060 /* ContactData.swift */; };
		80C4C0632B220DD2006CE060 /* ContactModel.swift in Sources */ = {isa = PBXBuildFile; fileRef = 80C4C0622B220DD2006CE060 /* ContactModel.swift */; };
		80C4C0652B220EF4006CE060 /* ContactDataFilter.swift in Sources */ = {isa = PBXBuildFile; fileRef = 80C4C0642B220EF4006CE060 /* ContactDataFilter.swift */; };
		80C8FEB12B244A7500F84B9F /* ContactCell.swift in Sources */ = {isa = PBXBuildFile; fileRef = 80C8FEB02B244A7500F84B9F /* ContactCell.swift */; };
		80C8FEB32B245B4500F84B9F /* ContactCellViewModel.swift in Sources */ = {isa = PBXBuildFile; fileRef = 80C8FEB22B245B4500F84B9F /* ContactCellViewModel.swift */; };
		80C8FEB52B245D8D00F84B9F /* ContactsViewModel.swift in Sources */ = {isa = PBXBuildFile; fileRef = 80C8FEB42B245D8D00F84B9F /* ContactsViewModel.swift */; };
		80C8FEB72B246AE600F84B9F /* ContactDetailsVC.swift in Sources */ = {isa = PBXBuildFile; fileRef = 80C8FEB62B246AE600F84B9F /* ContactDetailsVC.swift */; };
		80C8FEB92B24772D00F84B9F /* ContactDetailsView.swift in Sources */ = {isa = PBXBuildFile; fileRef = 80C8FEB82B24772D00F84B9F /* ContactDetailsView.swift */; };
		80C8FEBB2B24AEE100F84B9F /* ContactDetailsViewModels.swift in Sources */ = {isa = PBXBuildFile; fileRef = 80C8FEBA2B24AEE100F84B9F /* ContactDetailsViewModels.swift */; };
		80F451E52B22F9AC0005FFF4 /* ContactDataTransformer.swift in Sources */ = {isa = PBXBuildFile; fileRef = 80F451E42B22F9AC0005FFF4 /* ContactDataTransformer.swift */; };
		80F451E72B230C7E0005FFF4 /* CoreDataManager.swift in Sources */ = {isa = PBXBuildFile; fileRef = 80F451E62B230C7E0005FFF4 /* CoreDataManager.swift */; };
		80F451E92B2316390005FFF4 /* ProfileImageNetworkService.swift in Sources */ = {isa = PBXBuildFile; fileRef = 80F451E82B2316390005FFF4 /* ProfileImageNetworkService.swift */; };
		80F451EB2B234A450005FFF4 /* ContactModelTransformer.swift in Sources */ = {isa = PBXBuildFile; fileRef = 80F451EA2B234A450005FFF4 /* ContactModelTransformer.swift */; };
		80F451F02B23703A0005FFF4 /* UIColor extensions.swift in Sources */ = {isa = PBXBuildFile; fileRef = 80F451EF2B23703A0005FFF4 /* UIColor extensions.swift */; };
		80F451F22B2379820005FFF4 /* UIFont extensions.swift in Sources */ = {isa = PBXBuildFile; fileRef = 80F451F12B2379820005FFF4 /* UIFont extensions.swift */; };
/* End PBXBuildFile section */

/* Begin PBXFileReference section */
		80A34D5A2B259F52004DBB99 /* InitialsView.swift */ = {isa = PBXFileReference; lastKnownFileType = sourcecode.swift; path = InitialsView.swift; sourceTree = "<group>"; };
		80A34D5C2B25B0B4004DBB99 /* String extensions.swift */ = {isa = PBXFileReference; lastKnownFileType = sourcecode.swift; path = "String extensions.swift"; sourceTree = "<group>"; };
		80C4C0182B21ABB9006CE060 /* HomeAssignmentDarius.app */ = {isa = PBXFileReference; explicitFileType = wrapper.application; includeInIndex = 0; path = HomeAssignmentDarius.app; sourceTree = BUILT_PRODUCTS_DIR; };
		80C4C01B2B21ABB9006CE060 /* AppDelegate.swift */ = {isa = PBXFileReference; lastKnownFileType = sourcecode.swift; path = AppDelegate.swift; sourceTree = "<group>"; };
		80C4C01D2B21ABB9006CE060 /* SceneDelegate.swift */ = {isa = PBXFileReference; lastKnownFileType = sourcecode.swift; path = SceneDelegate.swift; sourceTree = "<group>"; };
		80C4C01F2B21ABB9006CE060 /* ContactsVC.swift */ = {isa = PBXFileReference; lastKnownFileType = sourcecode.swift; path = ContactsVC.swift; sourceTree = "<group>"; };
		80C4C0252B21ABB9006CE060 /* HomeAssignmentDarius.xcdatamodel */ = {isa = PBXFileReference; lastKnownFileType = wrapper.xcdatamodel; path = HomeAssignmentDarius.xcdatamodel; sourceTree = "<group>"; };
		80C4C0272B21ABBA006CE060 /* Assets.xcassets */ = {isa = PBXFileReference; lastKnownFileType = folder.assetcatalog; path = Assets.xcassets; sourceTree = "<group>"; };
		80C4C02A2B21ABBA006CE060 /* Base */ = {isa = PBXFileReference; lastKnownFileType = file.storyboard; name = Base; path = Base.lproj/LaunchScreen.storyboard; sourceTree = "<group>"; };
		80C4C02C2B21ABBA006CE060 /* Info.plist */ = {isa = PBXFileReference; lastKnownFileType = text.plist.xml; path = Info.plist; sourceTree = "<group>"; };
		80C4C05A2B21E62A006CE060 /* NetworkManager.swift */ = {isa = PBXFileReference; lastKnownFileType = sourcecode.swift; path = NetworkManager.swift; sourceTree = "<group>"; };
		80C4C05D2B21E78D006CE060 /* PagoNetworking.swift */ = {isa = PBXFileReference; lastKnownFileType = sourcecode.swift; path = PagoNetworking.swift; sourceTree = "<group>"; };
		80C4C05F2B21E94D006CE060 /* ContactData.swift */ = {isa = PBXFileReference; lastKnownFileType = sourcecode.swift; path = ContactData.swift; sourceTree = "<group>"; };
		80C4C0622B220DD2006CE060 /* ContactModel.swift */ = {isa = PBXFileReference; lastKnownFileType = sourcecode.swift; path = ContactModel.swift; sourceTree = "<group>"; };
		80C4C0642B220EF4006CE060 /* ContactDataFilter.swift */ = {isa = PBXFileReference; lastKnownFileType = sourcecode.swift; path = ContactDataFilter.swift; sourceTree = "<group>"; };
		80C8FEB02B244A7500F84B9F /* ContactCell.swift */ = {isa = PBXFileReference; lastKnownFileType = sourcecode.swift; path = ContactCell.swift; sourceTree = "<group>"; };
		80C8FEB22B245B4500F84B9F /* ContactCellViewModel.swift */ = {isa = PBXFileReference; lastKnownFileType = sourcecode.swift; path = ContactCellViewModel.swift; sourceTree = "<group>"; };
		80C8FEB42B245D8D00F84B9F /* ContactsViewModel.swift */ = {isa = PBXFileReference; lastKnownFileType = sourcecode.swift; path = ContactsViewModel.swift; sourceTree = "<group>"; };
		80C8FEB62B246AE600F84B9F /* ContactDetailsVC.swift */ = {isa = PBXFileReference; lastKnownFileType = sourcecode.swift; path = ContactDetailsVC.swift; sourceTree = "<group>"; };
		80C8FEB82B24772D00F84B9F /* ContactDetailsView.swift */ = {isa = PBXFileReference; lastKnownFileType = sourcecode.swift; path = ContactDetailsView.swift; sourceTree = "<group>"; };
		80C8FEBA2B24AEE100F84B9F /* ContactDetailsViewModels.swift */ = {isa = PBXFileReference; lastKnownFileType = sourcecode.swift; path = ContactDetailsViewModels.swift; sourceTree = "<group>"; };
		80F451E42B22F9AC0005FFF4 /* ContactDataTransformer.swift */ = {isa = PBXFileReference; lastKnownFileType = sourcecode.swift; path = ContactDataTransformer.swift; sourceTree = "<group>"; };
		80F451E62B230C7E0005FFF4 /* CoreDataManager.swift */ = {isa = PBXFileReference; lastKnownFileType = sourcecode.swift; path = CoreDataManager.swift; sourceTree = "<group>"; };
		80F451E82B2316390005FFF4 /* ProfileImageNetworkService.swift */ = {isa = PBXFileReference; lastKnownFileType = sourcecode.swift; path = ProfileImageNetworkService.swift; sourceTree = "<group>"; };
		80F451EA2B234A450005FFF4 /* ContactModelTransformer.swift */ = {isa = PBXFileReference; lastKnownFileType = sourcecode.swift; path = ContactModelTransformer.swift; sourceTree = "<group>"; };
		80F451EF2B23703A0005FFF4 /* UIColor extensions.swift */ = {isa = PBXFileReference; lastKnownFileType = sourcecode.swift; path = "UIColor extensions.swift"; sourceTree = "<group>"; };
		80F451F12B2379820005FFF4 /* UIFont extensions.swift */ = {isa = PBXFileReference; lastKnownFileType = sourcecode.swift; path = "UIFont extensions.swift"; sourceTree = "<group>"; };
/* End PBXFileReference section */

/* Begin PBXFrameworksBuildPhase section */
		80C4C0152B21ABB9006CE060 /* Frameworks */ = {
			isa = PBXFrameworksBuildPhase;
			buildActionMask = 2147483647;
			files = (
			);
			runOnlyForDeploymentPostprocessing = 0;
		};
/* End PBXFrameworksBuildPhase section */

/* Begin PBXGroup section */
		80C4C00F2B21ABB9006CE060 = {
			isa = PBXGroup;
			children = (
				80C4C01A2B21ABB9006CE060 /* HomeAssignmentDarius */,
				80C4C0192B21ABB9006CE060 /* Products */,
			);
			sourceTree = "<group>";
		};
		80C4C0192B21ABB9006CE060 /* Products */ = {
			isa = PBXGroup;
			children = (
				80C4C0182B21ABB9006CE060 /* HomeAssignmentDarius.app */,
			);
			name = Products;
			sourceTree = "<group>";
		};
		80C4C01A2B21ABB9006CE060 /* HomeAssignmentDarius */ = {
			isa = PBXGroup;
			children = (
				80C4C01B2B21ABB9006CE060 /* AppDelegate.swift */,
				80C4C01D2B21ABB9006CE060 /* SceneDelegate.swift */,
				80C4C0322B21BC95006CE060 /* Model */,
				80C4C0332B21BC9B006CE060 /* ViewModel */,
				80C4C0342B21BCB0006CE060 /* View */,
				80C4C0272B21ABBA006CE060 /* Assets.xcassets */,
				80C4C0292B21ABBA006CE060 /* LaunchScreen.storyboard */,
				80C4C02C2B21ABBA006CE060 /* Info.plist */,
				80C4C0242B21ABB9006CE060 /* HomeAssignmentDarius.xcdatamodeld */,
			);
			path = HomeAssignmentDarius;
			sourceTree = "<group>";
		};
		80C4C0322B21BC95006CE060 /* Model */ = {
			isa = PBXGroup;
			children = (
				80C4C05C2B21E6AA006CE060 /* Network */,
				80C4C0612B220D33006CE060 /* CoreData */,
				80F451EE2B236EB30005FFF4 /* Extensions */,
			);
			path = Model;
			sourceTree = "<group>";
		};
		80C4C0332B21BC9B006CE060 /* ViewModel */ = {
			isa = PBXGroup;
			children = (
				80C8FEB42B245D8D00F84B9F /* ContactsViewModel.swift */,
				80C8FEB22B245B4500F84B9F /* ContactCellViewModel.swift */,
				80C8FEBA2B24AEE100F84B9F /* ContactDetailsViewModels.swift */,
			);
			path = ViewModel;
			sourceTree = "<group>";
		};
		80C4C0342B21BCB0006CE060 /* View */ = {
			isa = PBXGroup;
			children = (
				80C4C01F2B21ABB9006CE060 /* ContactsVC.swift */,
				80C8FEB62B246AE600F84B9F /* ContactDetailsVC.swift */,
				80C8FEB02B244A7500F84B9F /* ContactCell.swift */,
				80C8FEB82B24772D00F84B9F /* ContactDetailsView.swift */,
				80A34D5A2B259F52004DBB99 /* InitialsView.swift */,
			);
			path = View;
			sourceTree = "<group>";
		};
		80C4C05C2B21E6AA006CE060 /* Network */ = {
			isa = PBXGroup;
			children = (
				80C4C05A2B21E62A006CE060 /* NetworkManager.swift */,
				80C4C05D2B21E78D006CE060 /* PagoNetworking.swift */,
				80F451E82B2316390005FFF4 /* ProfileImageNetworkService.swift */,
				80C4C05F2B21E94D006CE060 /* ContactData.swift */,
				80C4C0642B220EF4006CE060 /* ContactDataFilter.swift */,
				80F451E42B22F9AC0005FFF4 /* ContactDataTransformer.swift */,
			);
			path = Network;
			sourceTree = "<group>";
		};
		80C4C0612B220D33006CE060 /* CoreData */ = {
			isa = PBXGroup;
			children = (
				80C4C0622B220DD2006CE060 /* ContactModel.swift */,
				80F451E62B230C7E0005FFF4 /* CoreDataManager.swift */,
				80F451EA2B234A450005FFF4 /* ContactModelTransformer.swift */,
			);
			path = CoreData;
			sourceTree = "<group>";
		};
		80F451EE2B236EB30005FFF4 /* Extensions */ = {
			isa = PBXGroup;
			children = (
				80F451EF2B23703A0005FFF4 /* UIColor extensions.swift */,
				80F451F12B2379820005FFF4 /* UIFont extensions.swift */,
				80A34D5C2B25B0B4004DBB99 /* String extensions.swift */,
			);
			path = Extensions;
			sourceTree = "<group>";
		};
/* End PBXGroup section */

/* Begin PBXNativeTarget section */
		80C4C0172B21ABB9006CE060 /* HomeAssignmentDarius */ = {
			isa = PBXNativeTarget;
			buildConfigurationList = 80C4C02F2B21ABBA006CE060 /* Build configuration list for PBXNativeTarget "HomeAssignmentDarius" */;
			buildPhases = (
				80C4C0142B21ABB9006CE060 /* Sources */,
				80C4C0152B21ABB9006CE060 /* Frameworks */,
				80C4C0162B21ABB9006CE060 /* Resources */,
			);
			buildRules = (
			);
			dependencies = (
			);
			name = HomeAssignmentDarius;
			productName = HomeAssignmentDarius;
			productReference = 80C4C0182B21ABB9006CE060 /* HomeAssignmentDarius.app */;
			productType = "com.apple.product-type.application";
		};
/* End PBXNativeTarget section */

/* Begin PBXProject section */
		80C4C0102B21ABB9006CE060 /* Project object */ = {
			isa = PBXProject;
			attributes = {
				BuildIndependentTargetsInParallel = 1;
				LastSwiftUpdateCheck = 1430;
				LastUpgradeCheck = 1430;
				TargetAttributes = {
					80C4C0172B21ABB9006CE060 = {
						CreatedOnToolsVersion = 14.3.1;
					};
				};
			};
			buildConfigurationList = 80C4C0132B21ABB9006CE060 /* Build configuration list for PBXProject "HomeAssignmentDarius" */;
			compatibilityVersion = "Xcode 14.0";
			developmentRegion = en;
			hasScannedForEncodings = 0;
			knownRegions = (
				en,
				Base,
			);
			mainGroup = 80C4C00F2B21ABB9006CE060;
			productRefGroup = 80C4C0192B21ABB9006CE060 /* Products */;
			projectDirPath = "";
			projectRoot = "";
			targets = (
				80C4C0172B21ABB9006CE060 /* HomeAssignmentDarius */,
			);
		};
/* End PBXProject section */

/* Begin PBXResourcesBuildPhase section */
		80C4C0162B21ABB9006CE060 /* Resources */ = {
			isa = PBXResourcesBuildPhase;
			buildActionMask = 2147483647;
			files = (
				80C4C02B2B21ABBA006CE060 /* LaunchScreen.storyboard in Resources */,
				80C4C0282B21ABBA006CE060 /* Assets.xcassets in Resources */,
			);
			runOnlyForDeploymentPostprocessing = 0;
		};
/* End PBXResourcesBuildPhase section */

/* Begin PBXSourcesBuildPhase section */
		80C4C0142B21ABB9006CE060 /* Sources */ = {
			isa = PBXSourcesBuildPhase;
			buildActionMask = 2147483647;
			files = (
				80C8FEB92B24772D00F84B9F /* ContactDetailsView.swift in Sources */,
				80F451E52B22F9AC0005FFF4 /* ContactDataTransformer.swift in Sources */,
				80A34D5D2B25B0B4004DBB99 /* String extensions.swift in Sources */,
				80C4C0202B21ABB9006CE060 /* ContactsVC.swift in Sources */,
				80A34D5B2B259F52004DBB99 /* InitialsView.swift in Sources */,
				80C4C0602B21E94D006CE060 /* ContactData.swift in Sources */,
				80F451F22B2379820005FFF4 /* UIFont extensions.swift in Sources */,
				80C4C0652B220EF4006CE060 /* ContactDataFilter.swift in Sources */,
				80F451E92B2316390005FFF4 /* ProfileImageNetworkService.swift in Sources */,
				80C4C0632B220DD2006CE060 /* ContactModel.swift in Sources */,
				80C8FEBB2B24AEE100F84B9F /* ContactDetailsViewModels.swift in Sources */,
				80C8FEB72B246AE600F84B9F /* ContactDetailsVC.swift in Sources */,
				80C8FEB52B245D8D00F84B9F /* ContactsViewModel.swift in Sources */,
				80F451F02B23703A0005FFF4 /* UIColor extensions.swift in Sources */,
				80C8FEB12B244A7500F84B9F /* ContactCell.swift in Sources */,
				80C4C0262B21ABB9006CE060 /* HomeAssignmentDarius.xcdatamodeld in Sources */,
				80C4C05B2B21E62A006CE060 /* NetworkManager.swift in Sources */,
				80C4C01C2B21ABB9006CE060 /* AppDelegate.swift in Sources */,
				80C4C05E2B21E78D006CE060 /* PagoNetworking.swift in Sources */,
				80C8FEB32B245B4500F84B9F /* ContactCellViewModel.swift in Sources */,
				80F451EB2B234A450005FFF4 /* ContactModelTransformer.swift in Sources */,
				80C4C01E2B21ABB9006CE060 /* SceneDelegate.swift in Sources */,
				80F451E72B230C7E0005FFF4 /* CoreDataManager.swift in Sources */,
			);
			runOnlyForDeploymentPostprocessing = 0;
		};
/* End PBXSourcesBuildPhase section */

/* Begin PBXVariantGroup section */
		80C4C0292B21ABBA006CE060 /* LaunchScreen.storyboard */ = {
			isa = PBXVariantGroup;
			children = (
				80C4C02A2B21ABBA006CE060 /* Base */,
			);
			name = LaunchScreen.storyboard;
			sourceTree = "<group>";
		};
/* End PBXVariantGroup section */

/* Begin XCBuildConfiguration section */
		80C4C02D2B21ABBA006CE060 /* Debug */ = {
			isa = XCBuildConfiguration;
			buildSettings = {
				ALWAYS_SEARCH_USER_PATHS = NO;
				CLANG_ANALYZER_NONNULL = YES;
				CLANG_ANALYZER_NUMBER_OBJECT_CONVERSION = YES_AGGRESSIVE;
				CLANG_CXX_LANGUAGE_STANDARD = "gnu++20";
				CLANG_ENABLE_MODULES = YES;
				CLANG_ENABLE_OBJC_ARC = YES;
				CLANG_ENABLE_OBJC_WEAK = YES;
				CLANG_WARN_BLOCK_CAPTURE_AUTORELEASING = YES;
				CLANG_WARN_BOOL_CONVERSION = YES;
				CLANG_WARN_COMMA = YES;
				CLANG_WARN_CONSTANT_CONVERSION = YES;
				CLANG_WARN_DEPRECATED_OBJC_IMPLEMENTATIONS = YES;
				CLANG_WARN_DIRECT_OBJC_ISA_USAGE = YES_ERROR;
				CLANG_WARN_DOCUMENTATION_COMMENTS = YES;
				CLANG_WARN_EMPTY_BODY = YES;
				CLANG_WARN_ENUM_CONVERSION = YES;
				CLANG_WARN_INFINITE_RECURSION = YES;
				CLANG_WARN_INT_CONVERSION = YES;
				CLANG_WARN_NON_LITERAL_NULL_CONVERSION = YES;
				CLANG_WARN_OBJC_IMPLICIT_RETAIN_SELF = YES;
				CLANG_WARN_OBJC_LITERAL_CONVERSION = YES;
				CLANG_WARN_OBJC_ROOT_CLASS = YES_ERROR;
				CLANG_WARN_QUOTED_INCLUDE_IN_FRAMEWORK_HEADER = YES;
				CLANG_WARN_RANGE_LOOP_ANALYSIS = YES;
				CLANG_WARN_STRICT_PROTOTYPES = YES;
				CLANG_WARN_SUSPICIOUS_MOVE = YES;
				CLANG_WARN_UNGUARDED_AVAILABILITY = YES_AGGRESSIVE;
				CLANG_WARN_UNREACHABLE_CODE = YES;
				CLANG_WARN__DUPLICATE_METHOD_MATCH = YES;
				COPY_PHASE_STRIP = NO;
				DEBUG_INFORMATION_FORMAT = dwarf;
				ENABLE_STRICT_OBJC_MSGSEND = YES;
				ENABLE_TESTABILITY = YES;
				GCC_C_LANGUAGE_STANDARD = gnu11;
				GCC_DYNAMIC_NO_PIC = NO;
				GCC_NO_COMMON_BLOCKS = YES;
				GCC_OPTIMIZATION_LEVEL = 0;
				GCC_PREPROCESSOR_DEFINITIONS = (
					"DEBUG=1",
					"$(inherited)",
				);
				GCC_WARN_64_TO_32_BIT_CONVERSION = YES;
				GCC_WARN_ABOUT_RETURN_TYPE = YES_ERROR;
				GCC_WARN_UNDECLARED_SELECTOR = YES;
				GCC_WARN_UNINITIALIZED_AUTOS = YES_AGGRESSIVE;
				GCC_WARN_UNUSED_FUNCTION = YES;
				GCC_WARN_UNUSED_VARIABLE = YES;
				IPHONEOS_DEPLOYMENT_TARGET = 16.4;
				MTL_ENABLE_DEBUG_INFO = INCLUDE_SOURCE;
				MTL_FAST_MATH = YES;
				ONLY_ACTIVE_ARCH = YES;
				SDKROOT = iphoneos;
				SWIFT_ACTIVE_COMPILATION_CONDITIONS = DEBUG;
				SWIFT_OPTIMIZATION_LEVEL = "-Onone";
			};
			name = Debug;
		};
		80C4C02E2B21ABBA006CE060 /* Release */ = {
			isa = XCBuildConfiguration;
			buildSettings = {
				ALWAYS_SEARCH_USER_PATHS = NO;
				CLANG_ANALYZER_NONNULL = YES;
				CLANG_ANALYZER_NUMBER_OBJECT_CONVERSION = YES_AGGRESSIVE;
				CLANG_CXX_LANGUAGE_STANDARD = "gnu++20";
				CLANG_ENABLE_MODULES = YES;
				CLANG_ENABLE_OBJC_ARC = YES;
				CLANG_ENABLE_OBJC_WEAK = YES;
				CLANG_WARN_BLOCK_CAPTURE_AUTORELEASING = YES;
				CLANG_WARN_BOOL_CONVERSION = YES;
				CLANG_WARN_COMMA = YES;
				CLANG_WARN_CONSTANT_CONVERSION = YES;
				CLANG_WARN_DEPRECATED_OBJC_IMPLEMENTATIONS = YES;
				CLANG_WARN_DIRECT_OBJC_ISA_USAGE = YES_ERROR;
				CLANG_WARN_DOCUMENTATION_COMMENTS = YES;
				CLANG_WARN_EMPTY_BODY = YES;
				CLANG_WARN_ENUM_CONVERSION = YES;
				CLANG_WARN_INFINITE_RECURSION = YES;
				CLANG_WARN_INT_CONVERSION = YES;
				CLANG_WARN_NON_LITERAL_NULL_CONVERSION = YES;
				CLANG_WARN_OBJC_IMPLICIT_RETAIN_SELF = YES;
				CLANG_WARN_OBJC_LITERAL_CONVERSION = YES;
				CLANG_WARN_OBJC_ROOT_CLASS = YES_ERROR;
				CLANG_WARN_QUOTED_INCLUDE_IN_FRAMEWORK_HEADER = YES;
				CLANG_WARN_RANGE_LOOP_ANALYSIS = YES;
				CLANG_WARN_STRICT_PROTOTYPES = YES;
				CLANG_WARN_SUSPICIOUS_MOVE = YES;
				CLANG_WARN_UNGUARDED_AVAILABILITY = YES_AGGRESSIVE;
				CLANG_WARN_UNREACHABLE_CODE = YES;
				CLANG_WARN__DUPLICATE_METHOD_MATCH = YES;
				COPY_PHASE_STRIP = NO;
				DEBUG_INFORMATION_FORMAT = "dwarf-with-dsym";
				ENABLE_NS_ASSERTIONS = NO;
				ENABLE_STRICT_OBJC_MSGSEND = YES;
				GCC_C_LANGUAGE_STANDARD = gnu11;
				GCC_NO_COMMON_BLOCKS = YES;
				GCC_WARN_64_TO_32_BIT_CONVERSION = YES;
				GCC_WARN_ABOUT_RETURN_TYPE = YES_ERROR;
				GCC_WARN_UNDECLARED_SELECTOR = YES;
				GCC_WARN_UNINITIALIZED_AUTOS = YES_AGGRESSIVE;
				GCC_WARN_UNUSED_FUNCTION = YES;
				GCC_WARN_UNUSED_VARIABLE = YES;
				IPHONEOS_DEPLOYMENT_TARGET = 16.4;
				MTL_ENABLE_DEBUG_INFO = NO;
				MTL_FAST_MATH = YES;
				SDKROOT = iphoneos;
				SWIFT_COMPILATION_MODE = wholemodule;
				SWIFT_OPTIMIZATION_LEVEL = "-O";
				VALIDATE_PRODUCT = YES;
			};
			name = Release;
		};
		80C4C0302B21ABBA006CE060 /* Debug */ = {
			isa = XCBuildConfiguration;
			buildSettings = {
				ASSETCATALOG_COMPILER_APPICON_NAME = AppIcon;
				ASSETCATALOG_COMPILER_GLOBAL_ACCENT_COLOR_NAME = AccentColor;
				CODE_SIGN_STYLE = Automatic;
				CURRENT_PROJECT_VERSION = 1;
				DEVELOPMENT_TEAM = 472JJKMC74;
				GENERATE_INFOPLIST_FILE = YES;
				INFOPLIST_FILE = HomeAssignmentDarius/Info.plist;
				INFOPLIST_KEY_UIApplicationSupportsIndirectInputEvents = YES;
				INFOPLIST_KEY_UILaunchStoryboardName = LaunchScreen;
				INFOPLIST_KEY_UISupportedInterfaceOrientations_iPad = "UIInterfaceOrientationPortrait UIInterfaceOrientationPortraitUpsideDown UIInterfaceOrientationLandscapeLeft UIInterfaceOrientationLandscapeRight";
				INFOPLIST_KEY_UISupportedInterfaceOrientations_iPhone = "UIInterfaceOrientationPortrait UIInterfaceOrientationLandscapeLeft UIInterfaceOrientationLandscapeRight";
				LD_RUNPATH_SEARCH_PATHS = (
					"$(inherited)",
					"@executable_path/Frameworks",
				);
				MARKETING_VERSION = 1.0;
				PRODUCT_BUNDLE_IDENTIFIER = com.coutidarius.HomeAssignmentDarius;
				PRODUCT_NAME = "$(TARGET_NAME)";
				SWIFT_EMIT_LOC_STRINGS = YES;
				SWIFT_VERSION = 5.0;
				TARGETED_DEVICE_FAMILY = "1,2";
			};
			name = Debug;
		};
		80C4C0312B21ABBA006CE060 /* Release */ = {
			isa = XCBuildConfiguration;
			buildSettings = {
				ASSETCATALOG_COMPILER_APPICON_NAME = AppIcon;
				ASSETCATALOG_COMPILER_GLOBAL_ACCENT_COLOR_NAME = AccentColor;
				CODE_SIGN_STYLE = Automatic;
				CURRENT_PROJECT_VERSION = 1;
				DEVELOPMENT_TEAM = 472JJKMC74;
				GENERATE_INFOPLIST_FILE = YES;
				INFOPLIST_FILE = HomeAssignmentDarius/Info.plist;
				INFOPLIST_KEY_UIApplicationSupportsIndirectInputEvents = YES;
				INFOPLIST_KEY_UILaunchStoryboardName = LaunchScreen;
				INFOPLIST_KEY_UISupportedInterfaceOrientations_iPad = "UIInterfaceOrientationPortrait UIInterfaceOrientationPortraitUpsideDown UIInterfaceOrientationLandscapeLeft UIInterfaceOrientationLandscapeRight";
				INFOPLIST_KEY_UISupportedInterfaceOrientations_iPhone = "UIInterfaceOrientationPortrait UIInterfaceOrientationLandscapeLeft UIInterfaceOrientationLandscapeRight";
				LD_RUNPATH_SEARCH_PATHS = (
					"$(inherited)",
					"@executable_path/Frameworks",
				);
				MARKETING_VERSION = 1.0;
				PRODUCT_BUNDLE_IDENTIFIER = com.coutidarius.HomeAssignmentDarius;
				PRODUCT_NAME = "$(TARGET_NAME)";
				SWIFT_EMIT_LOC_STRINGS = YES;
				SWIFT_VERSION = 5.0;
				TARGETED_DEVICE_FAMILY = "1,2";
			};
			name = Release;
		};
/* End XCBuildConfiguration section */

/* Begin XCConfigurationList section */
		80C4C0132B21ABB9006CE060 /* Build configuration list for PBXProject "HomeAssignmentDarius" */ = {
			isa = XCConfigurationList;
			buildConfigurations = (
				80C4C02D2B21ABBA006CE060 /* Debug */,
				80C4C02E2B21ABBA006CE060 /* Release */,
			);
			defaultConfigurationIsVisible = 0;
			defaultConfigurationName = Release;
		};
		80C4C02F2B21ABBA006CE060 /* Build configuration list for PBXNativeTarget "HomeAssignmentDarius" */ = {
			isa = XCConfigurationList;
			buildConfigurations = (
				80C4C0302B21ABBA006CE060 /* Debug */,
				80C4C0312B21ABBA006CE060 /* Release */,
			);
			defaultConfigurationIsVisible = 0;
			defaultConfigurationName = Release;
		};
/* End XCConfigurationList section */

/* Begin XCVersionGroup section */
		80C4C0242B21ABB9006CE060 /* HomeAssignmentDarius.xcdatamodeld */ = {
			isa = XCVersionGroup;
			children = (
				80C4C0252B21ABB9006CE060 /* HomeAssignmentDarius.xcdatamodel */,
			);
			currentVersion = 80C4C0252B21ABB9006CE060 /* HomeAssignmentDarius.xcdatamodel */;
			path = HomeAssignmentDarius.xcdatamodeld;
			sourceTree = "<group>";
			versionGroupType = wrapper.xcdatamodel;
		};
/* End XCVersionGroup section */
	};
	rootObject = 80C4C0102B21ABB9006CE060 /* Project object */;
}
